
Microsoft Visual Studio Solution File, Format Version 12.00
# Visual Studio Version 17
VisualStudioVersion = 17.12.35707.178
MinimumVisualStudioVersion = 10.0.40219.1
Project("{FAE04EC0-301F-11D3-BF4B-00C04F79EFBC}") = "InvoiceAppApi", "InvoiceAppApi\InvoiceAppApi.csproj", "{F3D3A36D-4E1C-48C1-BEB1-86061E6A0CE6}"
EndProject
Project("{FAE04EC0-301F-11D3-BF4B-00C04F79EFBC}") = "InvoiceApp.Domain", "InvoiceApp.Domain\InvoiceApp.Domain.csproj", "{031A60EA-5D43-49AE-BC00-CCA7CFB6CBDC}"
EndProject
Project("{FAE04EC0-301F-11D3-BF4B-00C04F79EFBC}") = "InvoiceApp.Application", "InvoiceApp.Application\InvoiceApp.Application.csproj", "{E213E799-54A3-4CCB-88F5-25BA87476934}"
EndProject
Project("{FAE04EC0-301F-11D3-BF4B-00C04F79EFBC}") = "InvoiceApp.Infrastructure", "InvoiceApp.Infrastructure\InvoiceApp.Infrastructure.csproj", "{2E947989-05D5-4B98-A850-83183C6AC629}"
EndProject
Project("{E24C65DC-7377-472B-9ABA-BC803B73C61A}") = "InvoiceApp.Client", "InvoiceApp.Client\", "{9BE84C4A-486D-46D9-8339-F64B3703105C}"
	ProjectSection(WebsiteProperties) = preProject
		TargetFrameworkMoniker = ".NETFramework,Version%3Dv4.0"
		Debug.AspNetCompiler.VirtualPath = "/localhost_52129"
		Debug.AspNetCompiler.PhysicalPath = "InvoiceApp.Client\"
		Debug.AspNetCompiler.TargetPath = "PrecompiledWeb\localhost_52129\"
		Debug.AspNetCompiler.Updateable = "true"
		Debug.AspNetCompiler.ForceOverwrite = "true"
		Debug.AspNetCompiler.FixedNames = "false"
		Debug.AspNetCompiler.Debug = "True"
		Release.AspNetCompiler.VirtualPath = "/localhost_52129"
		Release.AspNetCompiler.PhysicalPath = "InvoiceApp.Client\"
		Release.AspNetCompiler.TargetPath = "PrecompiledWeb\localhost_52129\"
		Release.AspNetCompiler.Updateable = "true"
		Release.AspNetCompiler.ForceOverwrite = "true"
		Release.AspNetCompiler.FixedNames = "false"
		Release.AspNetCompiler.Debug = "False"
		VWDPort = "52129"
		SlnRelativePath = "InvoiceApp.Client\"
	EndProjectSection
EndProject
Global
	GlobalSection(SolutionConfigurationPlatforms) = preSolution
		Debug|Any CPU = Debug|Any CPU
		Release|Any CPU = Release|Any CPU
	EndGlobalSection
	GlobalSection(ProjectConfigurationPlatforms) = postSolution
		{F3D3A36D-4E1C-48C1-BEB1-86061E6A0CE6}.Debug|Any CPU.ActiveCfg = Debug|Any CPU
		{F3D3A36D-4E1C-48C1-BEB1-86061E6A0CE6}.Debug|Any CPU.Build.0 = Debug|Any CPU
		{F3D3A36D-4E1C-48C1-BEB1-86061E6A0CE6}.Release|Any CPU.ActiveCfg = Release|Any CPU
		{F3D3A36D-4E1C-48C1-BEB1-86061E6A0CE6}.Release|Any CPU.Build.0 = Release|Any CPU
		{031A60EA-5D43-49AE-BC00-CCA7CFB6CBDC}.Debug|Any CPU.ActiveCfg = Debug|Any CPU
		{031A60EA-5D43-49AE-BC00-CCA7CFB6CBDC}.Debug|Any CPU.Build.0 = Debug|Any CPU
		{031A60EA-5D43-49AE-BC00-CCA7CFB6CBDC}.Release|Any CPU.ActiveCfg = Release|Any CPU
		{031A60EA-5D43-49AE-BC00-CCA7CFB6CBDC}.Release|Any CPU.Build.0 = Release|Any CPU
		{E213E799-54A3-4CCB-88F5-25BA87476934}.Debug|Any CPU.ActiveCfg = Debug|Any CPU
		{E213E799-54A3-4CCB-88F5-25BA87476934}.Debug|Any CPU.Build.0 = Debug|Any CPU
		{E213E799-54A3-4CCB-88F5-25BA87476934}.Release|Any CPU.ActiveCfg = Release|Any CPU
		{E213E799-54A3-4CCB-88F5-25BA87476934}.Release|Any CPU.Build.0 = Release|Any CPU
		{2E947989-05D5-4B98-A850-83183C6AC629}.Debug|Any CPU.ActiveCfg = Debug|Any CPU
		{2E947989-05D5-4B98-A850-83183C6AC629}.Debug|Any CPU.Build.0 = Debug|Any CPU
		{2E947989-05D5-4B98-A850-83183C6AC629}.Release|Any CPU.ActiveCfg = Release|Any CPU
		{2E947989-05D5-4B98-A850-83183C6AC629}.Release|Any CPU.Build.0 = Release|Any CPU
		{9BE84C4A-486D-46D9-8339-F64B3703105C}.Debug|Any CPU.ActiveCfg = Debug|Any CPU
		{9BE84C4A-486D-46D9-8339-F64B3703105C}.Debug|Any CPU.Build.0 = Debug|Any CPU
		{9BE84C4A-486D-46D9-8339-F64B3703105C}.Release|Any CPU.ActiveCfg = Debug|Any CPU
		{9BE84C4A-486D-46D9-8339-F64B3703105C}.Release|Any CPU.Build.0 = Debug|Any CPU
	EndGlobalSection
	GlobalSection(SolutionProperties) = preSolution
		HideSolutionNode = FALSE
	EndGlobalSection
EndGlobal
